
Microsoft Visual Studio Solution File, Format Version 12.00
# Visual Studio 15
VisualStudioVersion = 15.0.28010.2050
MinimumVisualStudioVersion = 10.0.40219.1
Project("{FAE04EC0-301F-11D3-BF4B-00C04F79EFBC}") = "My_MVC_One", "My_MVC_One\My_MVC_One.csproj", "{EA33E64D-2CAB-4AA0-A2CA-1ECA4C3B8ABB}"
EndProject
Global
	GlobalSection(SolutionConfigurationPlatforms) = preSolution
		Debug|Any CPU = Debug|Any CPU
		Release|Any CPU = Release|Any CPU
	EndGlobalSection
	GlobalSection(ProjectConfigurationPlatforms) = postSolution
		{EA33E64D-2CAB-4AA0-A2CA-1ECA4C3B8ABB}.Debug|Any CPU.ActiveCfg = Debug|Any CPU
		{EA33E64D-2CAB-4AA0-A2CA-1ECA4C3B8ABB}.Debug|Any CPU.Build.0 = Debug|Any CPU
		{EA33E64D-2CAB-4AA0-A2CA-1ECA4C3B8ABB}.Release|Any CPU.ActiveCfg = Release|Any CPU
		{EA33E64D-2CAB-4AA0-A2CA-1ECA4C3B8ABB}.Release|Any CPU.Build.0 = Release|Any CPU
	EndGlobalSection
	GlobalSection(SolutionProperties) = preSolution
		HideSolutionNode = FALSE
	EndGlobalSection
	GlobalSection(ExtensibilityGlobals) = postSolution
		SolutionGuid = {6D331105-08EF-47F0-A1E0-39311C7200F7}
	EndGlobalSection
EndGlobal
